
Microsoft Visual Studio Solution File, Format Version 12.00
# Visual Studio Version 17
VisualStudioVersion = 17.0.32112.339
MinimumVisualStudioVersion = 10.0.40219.1
Project("{FAE04EC0-301F-11D3-BF4B-00C04F79EFBC}") = "TicTacToe", "TicTacToe.csproj", "{98BCE90A-1EA9-4DAA-A603-B1ACDFDA8A74}"
EndProject
Global
	GlobalSection(SolutionConfigurationPlatforms) = preSolution
		Debug|Any CPU = Debug|Any CPU
		Release|Any CPU = Release|Any CPU
	EndGlobalSection
	GlobalSection(ProjectConfigurationPlatforms) = postSolution
		{98BCE90A-1EA9-4DAA-A603-B1ACDFDA8A74}.Debug|Any CPU.ActiveCfg = Debug|Any CPU
		{98BCE90A-1EA9-4DAA-A603-B1ACDFDA8A74}.Debug|Any CPU.Build.0 = Debug|Any CPU
		{98BCE90A-1EA9-4DAA-A603-B1ACDFDA8A74}.Release|Any CPU.ActiveCfg = Release|Any CPU
		{98BCE90A-1EA9-4DAA-A603-B1ACDFDA8A74}.Release|Any CPU.Build.0 = Release|Any CPU
	EndGlobalSection
	GlobalSection(SolutionProperties) = preSolution
		HideSolutionNode = FALSE
	EndGlobalSection
	GlobalSection(ExtensibilityGlobals) = postSolution
		SolutionGuid = {A3F3EA5A-0E73-49E1-B047-E04159D878B7}
	EndGlobalSection
EndGlobal
